// !$*UTF8*$!
{
	archiveVersion = 1;
	classes = {
	};
	objectVersion = 55;
	objects = {

/* Begin PBXBuildFile section */
		9F3078142854CA1D00050C85 /* AppDelegate.swift in Sources */ = {isa = PBXBuildFile; fileRef = 9F3078132854CA1D00050C85 /* AppDelegate.swift */; };
		9F3078162854CA1D00050C85 /* SceneDelegate.swift in Sources */ = {isa = PBXBuildFile; fileRef = 9F3078152854CA1D00050C85 /* SceneDelegate.swift */; };
		9F3078182854CA1D00050C85 /* ImageGalleryCollectionViewController.swift in Sources */ = {isa = PBXBuildFile; fileRef = 9F3078172854CA1D00050C85 /* ImageGalleryCollectionViewController.swift */; };
		9F30781B2854CA1D00050C85 /* Main.storyboard in Resources */ = {isa = PBXBuildFile; fileRef = 9F3078192854CA1D00050C85 /* Main.storyboard */; };
		9F30781D2854CA1F00050C85 /* Assets.xcassets in Resources */ = {isa = PBXBuildFile; fileRef = 9F30781C2854CA1F00050C85 /* Assets.xcassets */; };
		9F3078202854CA1F00050C85 /* LaunchScreen.storyboard in Resources */ = {isa = PBXBuildFile; fileRef = 9F30781E2854CA1F00050C85 /* LaunchScreen.storyboard */; };
		9F5188442854EF63002BAEDD /* ImageGalleriesTableViewConroller.swift in Sources */ = {isa = PBXBuildFile; fileRef = 9F5188432854EF63002BAEDD /* ImageGalleriesTableViewConroller.swift */; };
		9F51884728551CB6002BAEDD /* ImageGallery.swift in Sources */ = {isa = PBXBuildFile; fileRef = 9F51884628551CB6002BAEDD /* ImageGallery.swift */; };
		9F5188492855F2C0002BAEDD /* GalleryStore.swift in Sources */ = {isa = PBXBuildFile; fileRef = 9F5188482855F2C0002BAEDD /* GalleryStore.swift */; };
		9F51884D285610D1002BAEDD /* ImageCollectionCell.swift in Sources */ = {isa = PBXBuildFile; fileRef = 9F51884C285610D1002BAEDD /* ImageCollectionCell.swift */; };
/* End PBXBuildFile section */

/* Begin PBXFileReference section */
		9F3078102854CA1D00050C85 /* Image Gallery.app */ = {isa = PBXFileReference; explicitFileType = wrapper.application; includeInIndex = 0; path = "Image Gallery.app"; sourceTree = BUILT_PRODUCTS_DIR; };
		9F3078132854CA1D00050C85 /* AppDelegate.swift */ = {isa = PBXFileReference; lastKnownFileType = sourcecode.swift; path = AppDelegate.swift; sourceTree = "<group>"; };
		9F3078152854CA1D00050C85 /* SceneDelegate.swift */ = {isa = PBXFileReference; lastKnownFileType = sourcecode.swift; path = SceneDelegate.swift; sourceTree = "<group>"; };
		9F3078172854CA1D00050C85 /* ImageGalleryCollectionViewController.swift */ = {isa = PBXFileReference; lastKnownFileType = sourcecode.swift; path = ImageGalleryCollectionViewController.swift; sourceTree = "<group>"; };
		9F30781A2854CA1D00050C85 /* Base */ = {isa = PBXFileReference; lastKnownFileType = file.storyboard; name = Base; path = Base.lproj/Main.storyboard; sourceTree = "<group>"; };
		9F30781C2854CA1F00050C85 /* Assets.xcassets */ = {isa = PBXFileReference; lastKnownFileType = folder.assetcatalog; path = Assets.xcassets; sourceTree = "<group>"; };
		9F30781F2854CA1F00050C85 /* Base */ = {isa = PBXFileReference; lastKnownFileType = file.storyboard; name = Base; path = Base.lproj/LaunchScreen.storyboard; sourceTree = "<group>"; };
		9F3078212854CA1F00050C85 /* Info.plist */ = {isa = PBXFileReference; lastKnownFileType = text.plist.xml; path = Info.plist; sourceTree = "<group>"; };
		9F5188432854EF63002BAEDD /* ImageGalleriesTableViewConroller.swift */ = {isa = PBXFileReference; lastKnownFileType = sourcecode.swift; path = ImageGalleriesTableViewConroller.swift; sourceTree = "<group>"; };
		9F51884628551CB6002BAEDD /* ImageGallery.swift */ = {isa = PBXFileReference; lastKnownFileType = sourcecode.swift; path = ImageGallery.swift; sourceTree = "<group>"; };
		9F5188482855F2C0002BAEDD /* GalleryStore.swift */ = {isa = PBXFileReference; lastKnownFileType = sourcecode.swift; path = GalleryStore.swift; sourceTree = "<group>"; };
		9F51884C285610D1002BAEDD /* ImageCollectionCell.swift */ = {isa = PBXFileReference; lastKnownFileType = sourcecode.swift; path = ImageCollectionCell.swift; sourceTree = "<group>"; };
/* End PBXFileReference section */

/* Begin PBXFrameworksBuildPhase section */
		9F30780D2854CA1D00050C85 /* Frameworks */ = {
			isa = PBXFrameworksBuildPhase;
			buildActionMask = 2147483647;
			files = (
			);
			runOnlyForDeploymentPostprocessing = 0;
		};
/* End PBXFrameworksBuildPhase section */

/* Begin PBXGroup section */
		9F3078072854CA1D00050C85 = {
			isa = PBXGroup;
			children = (
				9F3078122854CA1D00050C85 /* Image Gallery */,
				9F3078112854CA1D00050C85 /* Products */,
			);
			sourceTree = "<group>";
		};
		9F3078112854CA1D00050C85 /* Products */ = {
			isa = PBXGroup;
			children = (
				9F3078102854CA1D00050C85 /* Image Gallery.app */,
			);
			name = Products;
			sourceTree = "<group>";
		};
		9F3078122854CA1D00050C85 /* Image Gallery */ = {
			isa = PBXGroup;
			children = (
				9F51884528551C46002BAEDD /* Models */,
				9F30782A2854CB7F00050C85 /* Scenes */,
				9F3078292854CB7500050C85 /* UI */,
				9F3078282854CB6800050C85 /* Core */,
				9F3078272854CB2A00050C85 /* Resources */,
				9F3078212854CA1F00050C85 /* Info.plist */,
			);
			path = "Image Gallery";
			sourceTree = "<group>";
		};
		9F3078272854CB2A00050C85 /* Resources */ = {
			isa = PBXGroup;
			children = (
				9F30781C2854CA1F00050C85 /* Assets.xcassets */,
			);
			path = Resources;
			sourceTree = "<group>";
		};
		9F3078282854CB6800050C85 /* Core */ = {
			isa = PBXGroup;
			children = (
				9F3078132854CA1D00050C85 /* AppDelegate.swift */,
				9F3078152854CA1D00050C85 /* SceneDelegate.swift */,
			);
			path = Core;
			sourceTree = "<group>";
		};
		9F3078292854CB7500050C85 /* UI */ = {
			isa = PBXGroup;
			children = (
				9F3078192854CA1D00050C85 /* Main.storyboard */,
				9F30781E2854CA1F00050C85 /* LaunchScreen.storyboard */,
			);
			path = UI;
			sourceTree = "<group>";
		};
		9F30782A2854CB7F00050C85 /* Scenes */ = {
			isa = PBXGroup;
			children = (
				9F51884B2855FF1E002BAEDD /* Images */,
				9F51884A2855FF17002BAEDD /* Galleries */,
			);
			path = Scenes;
			sourceTree = "<group>";
		};
		9F51884528551C46002BAEDD /* Models */ = {
			isa = PBXGroup;
			children = (
				9F51884628551CB6002BAEDD /* ImageGallery.swift */,
				9F5188482855F2C0002BAEDD /* GalleryStore.swift */,
			);
			path = Models;
			sourceTree = "<group>";
		};
		9F51884A2855FF17002BAEDD /* Galleries */ = {
			isa = PBXGroup;
			children = (
				9F5188432854EF63002BAEDD /* ImageGalleriesTableViewConroller.swift */,
			);
			path = Galleries;
			sourceTree = "<group>";
		};
		9F51884B2855FF1E002BAEDD /* Images */ = {
			isa = PBXGroup;
			children = (
				9F3078172854CA1D00050C85 /* ImageGalleryCollectionViewController.swift */,
				9F51884C285610D1002BAEDD /* ImageCollectionCell.swift */,
			);
			path = Images;
			sourceTree = "<group>";
		};
/* End PBXGroup section */

/* Begin PBXNativeTarget section */
		9F30780F2854CA1D00050C85 /* Image Gallery */ = {
			isa = PBXNativeTarget;
			buildConfigurationList = 9F3078242854CA1F00050C85 /* Build configuration list for PBXNativeTarget "Image Gallery" */;
			buildPhases = (
				9F30780C2854CA1D00050C85 /* Sources */,
				9F30780D2854CA1D00050C85 /* Frameworks */,
				9F30780E2854CA1D00050C85 /* Resources */,
			);
			buildRules = (
			);
			dependencies = (
			);
			name = "Image Gallery";
			productName = "Image Gallery";
			productReference = 9F3078102854CA1D00050C85 /* Image Gallery.app */;
			productType = "com.apple.product-type.application";
		};
/* End PBXNativeTarget section */

/* Begin PBXProject section */
		9F3078082854CA1D00050C85 /* Project object */ = {
			isa = PBXProject;
			attributes = {
				BuildIndependentTargetsInParallel = 1;
				LastSwiftUpdateCheck = 1340;
				LastUpgradeCheck = 1340;
				TargetAttributes = {
					9F30780F2854CA1D00050C85 = {
						CreatedOnToolsVersion = 13.4;
					};
				};
			};
			buildConfigurationList = 9F30780B2854CA1D00050C85 /* Build configuration list for PBXProject "Image Gallery" */;
			compatibilityVersion = "Xcode 13.0";
			developmentRegion = en;
			hasScannedForEncodings = 0;
			knownRegions = (
				en,
				Base,
			);
			mainGroup = 9F3078072854CA1D00050C85;
			productRefGroup = 9F3078112854CA1D00050C85 /* Products */;
			projectDirPath = "";
			projectRoot = "";
			targets = (
				9F30780F2854CA1D00050C85 /* Image Gallery */,
			);
		};
/* End PBXProject section */

/* Begin PBXResourcesBuildPhase section */
		9F30780E2854CA1D00050C85 /* Resources */ = {
			isa = PBXResourcesBuildPhase;
			buildActionMask = 2147483647;
			files = (
				9F3078202854CA1F00050C85 /* LaunchScreen.storyboard in Resources */,
				9F30781D2854CA1F00050C85 /* Assets.xcassets in Resources */,
				9F30781B2854CA1D00050C85 /* Main.storyboard in Resources */,
			);
			runOnlyForDeploymentPostprocessing = 0;
		};
/* End PBXResourcesBuildPhase section */

/* Begin PBXSourcesBuildPhase section */
		9F30780C2854CA1D00050C85 /* Sources */ = {
			isa = PBXSourcesBuildPhase;
			buildActionMask = 2147483647;
			files = (
				9F3078182854CA1D00050C85 /* ImageGalleryCollectionViewController.swift in Sources */,
				9F51884728551CB6002BAEDD /* ImageGallery.swift in Sources */,
				9F5188442854EF63002BAEDD /* ImageGalleriesTableViewConroller.swift in Sources */,
				9F3078142854CA1D00050C85 /* AppDelegate.swift in Sources */,
				9F5188492855F2C0002BAEDD /* GalleryStore.swift in Sources */,
				9F51884D285610D1002BAEDD /* ImageCollectionCell.swift in Sources */,
				9F3078162854CA1D00050C85 /* SceneDelegate.swift in Sources */,
			);
			runOnlyForDeploymentPostprocessing = 0;
		};
/* End PBXSourcesBuildPhase section */

/* Begin PBXVariantGroup section */
		9F3078192854CA1D00050C85 /* Main.storyboard */ = {
			isa = PBXVariantGroup;
			children = (
				9F30781A2854CA1D00050C85 /* Base */,
			);
			name = Main.storyboard;
			sourceTree = "<group>";
		};
		9F30781E2854CA1F00050C85 /* LaunchScreen.storyboard */ = {
			isa = PBXVariantGroup;
			children = (
				9F30781F2854CA1F00050C85 /* Base */,
			);
			name = LaunchScreen.storyboard;
			sourceTree = "<group>";
		};
/* End PBXVariantGroup section */

/* Begin XCBuildConfiguration section */
		9F3078222854CA1F00050C85 /* Debug */ = {
			isa = XCBuildConfiguration;
			buildSettings = {
				ALWAYS_SEARCH_USER_PATHS = NO;
				CLANG_ANALYZER_NONNULL = YES;
				CLANG_ANALYZER_NUMBER_OBJECT_CONVERSION = YES_AGGRESSIVE;
				CLANG_CXX_LANGUAGE_STANDARD = "gnu++17";
				CLANG_ENABLE_MODULES = YES;
				CLANG_ENABLE_OBJC_ARC = YES;
				CLANG_ENABLE_OBJC_WEAK = YES;
				CLANG_WARN_BLOCK_CAPTURE_AUTORELEASING = YES;
				CLANG_WARN_BOOL_CONVERSION = YES;
				CLANG_WARN_COMMA = YES;
				CLANG_WARN_CONSTANT_CONVERSION = YES;
				CLANG_WARN_DEPRECATED_OBJC_IMPLEMENTATIONS = YES;
				CLANG_WARN_DIRECT_OBJC_ISA_USAGE = YES_ERROR;
				CLANG_WARN_DOCUMENTATION_COMMENTS = YES;
				CLANG_WARN_EMPTY_BODY = YES;
				CLANG_WARN_ENUM_CONVERSION = YES;
				CLANG_WARN_INFINITE_RECURSION = YES;
				CLANG_WARN_INT_CONVERSION = YES;
				CLANG_WARN_NON_LITERAL_NULL_CONVERSION = YES;
				CLANG_WARN_OBJC_IMPLICIT_RETAIN_SELF = YES;
				CLANG_WARN_OBJC_LITERAL_CONVERSION = YES;
				CLANG_WARN_OBJC_ROOT_CLASS = YES_ERROR;
				CLANG_WARN_QUOTED_INCLUDE_IN_FRAMEWORK_HEADER = YES;
				CLANG_WARN_RANGE_LOOP_ANALYSIS = YES;
				CLANG_WARN_STRICT_PROTOTYPES = YES;
				CLANG_WARN_SUSPICIOUS_MOVE = YES;
				CLANG_WARN_UNGUARDED_AVAILABILITY = YES_AGGRESSIVE;
				CLANG_WARN_UNREACHABLE_CODE = YES;
				CLANG_WARN__DUPLICATE_METHOD_MATCH = YES;
				COPY_PHASE_STRIP = NO;
				DEBUG_INFORMATION_FORMAT = dwarf;
				ENABLE_STRICT_OBJC_MSGSEND = YES;
				ENABLE_TESTABILITY = YES;
				GCC_C_LANGUAGE_STANDARD = gnu11;
				GCC_DYNAMIC_NO_PIC = NO;
				GCC_NO_COMMON_BLOCKS = YES;
				GCC_OPTIMIZATION_LEVEL = 0;
				GCC_PREPROCESSOR_DEFINITIONS = (
					"DEBUG=1",
					"$(inherited)",
				);
				GCC_WARN_64_TO_32_BIT_CONVERSION = YES;
				GCC_WARN_ABOUT_RETURN_TYPE = YES_ERROR;
				GCC_WARN_UNDECLARED_SELECTOR = YES;
				GCC_WARN_UNINITIALIZED_AUTOS = YES_AGGRESSIVE;
				GCC_WARN_UNUSED_FUNCTION = YES;
				GCC_WARN_UNUSED_VARIABLE = YES;
				IPHONEOS_DEPLOYMENT_TARGET = 15.5;
				MTL_ENABLE_DEBUG_INFO = INCLUDE_SOURCE;
				MTL_FAST_MATH = YES;
				ONLY_ACTIVE_ARCH = YES;
				SDKROOT = iphoneos;
				SWIFT_ACTIVE_COMPILATION_CONDITIONS = DEBUG;
				SWIFT_OPTIMIZATION_LEVEL = "-Onone";
			};
			name = Debug;
		};
		9F3078232854CA1F00050C85 /* Release */ = {
			isa = XCBuildConfiguration;
			buildSettings = {
				ALWAYS_SEARCH_USER_PATHS = NO;
				CLANG_ANALYZER_NONNULL = YES;
				CLANG_ANALYZER_NUMBER_OBJECT_CONVERSION = YES_AGGRESSIVE;
				CLANG_CXX_LANGUAGE_STANDARD = "gnu++17";
				CLANG_ENABLE_MODULES = YES;
				CLANG_ENABLE_OBJC_ARC = YES;
				CLANG_ENABLE_OBJC_WEAK = YES;
				CLANG_WARN_BLOCK_CAPTURE_AUTORELEASING = YES;
				CLANG_WARN_BOOL_CONVERSION = YES;
				CLANG_WARN_COMMA = YES;
				CLANG_WARN_CONSTANT_CONVERSION = YES;
				CLANG_WARN_DEPRECATED_OBJC_IMPLEMENTATIONS = YES;
				CLANG_WARN_DIRECT_OBJC_ISA_USAGE = YES_ERROR;
				CLANG_WARN_DOCUMENTATION_COMMENTS = YES;
				CLANG_WARN_EMPTY_BODY = YES;
				CLANG_WARN_ENUM_CONVERSION = YES;
				CLANG_WARN_INFINITE_RECURSION = YES;
				CLANG_WARN_INT_CONVERSION = YES;
				CLANG_WARN_NON_LITERAL_NULL_CONVERSION = YES;
				CLANG_WARN_OBJC_IMPLICIT_RETAIN_SELF = YES;
				CLANG_WARN_OBJC_LITERAL_CONVERSION = YES;
				CLANG_WARN_OBJC_ROOT_CLASS = YES_ERROR;
				CLANG_WARN_QUOTED_INCLUDE_IN_FRAMEWORK_HEADER = YES;
				CLANG_WARN_RANGE_LOOP_ANALYSIS = YES;
				CLANG_WARN_STRICT_PROTOTYPES = YES;
				CLANG_WARN_SUSPICIOUS_MOVE = YES;
				CLANG_WARN_UNGUARDED_AVAILABILITY = YES_AGGRESSIVE;
				CLANG_WARN_UNREACHABLE_CODE = YES;
				CLANG_WARN__DUPLICATE_METHOD_MATCH = YES;
				COPY_PHASE_STRIP = NO;
				DEBUG_INFORMATION_FORMAT = "dwarf-with-dsym";
				ENABLE_NS_ASSERTIONS = NO;
				ENABLE_STRICT_OBJC_MSGSEND = YES;
				GCC_C_LANGUAGE_STANDARD = gnu11;
				GCC_NO_COMMON_BLOCKS = YES;
				GCC_WARN_64_TO_32_BIT_CONVERSION = YES;
				GCC_WARN_ABOUT_RETURN_TYPE = YES_ERROR;
				GCC_WARN_UNDECLARED_SELECTOR = YES;
				GCC_WARN_UNINITIALIZED_AUTOS = YES_AGGRESSIVE;
				GCC_WARN_UNUSED_FUNCTION = YES;
				GCC_WARN_UNUSED_VARIABLE = YES;
				IPHONEOS_DEPLOYMENT_TARGET = 15.5;
				MTL_ENABLE_DEBUG_INFO = NO;
				MTL_FAST_MATH = YES;
				SDKROOT = iphoneos;
				SWIFT_COMPILATION_MODE = wholemodule;
				SWIFT_OPTIMIZATION_LEVEL = "-O";
				VALIDATE_PRODUCT = YES;
			};
			name = Release;
		};
		9F3078252854CA1F00050C85 /* Debug */ = {
			isa = XCBuildConfiguration;
			buildSettings = {
				ASSETCATALOG_COMPILER_APPICON_NAME = AppIcon;
				ASSETCATALOG_COMPILER_GLOBAL_ACCENT_COLOR_NAME = AccentColor;
				CODE_SIGN_STYLE = Automatic;
				CURRENT_PROJECT_VERSION = 1;
				GENERATE_INFOPLIST_FILE = YES;
				INFOPLIST_FILE = "Image Gallery/Info.plist";
				INFOPLIST_KEY_UIApplicationSupportsIndirectInputEvents = YES;
				INFOPLIST_KEY_UILaunchStoryboardName = LaunchScreen;
				INFOPLIST_KEY_UIMainStoryboardFile = Main;
				INFOPLIST_KEY_UISupportedInterfaceOrientations_iPad = "UIInterfaceOrientationPortrait UIInterfaceOrientationPortraitUpsideDown UIInterfaceOrientationLandscapeLeft UIInterfaceOrientationLandscapeRight";
				INFOPLIST_KEY_UISupportedInterfaceOrientations_iPhone = "UIInterfaceOrientationPortrait UIInterfaceOrientationLandscapeLeft UIInterfaceOrientationLandscapeRight";
				LD_RUNPATH_SEARCH_PATHS = (
					"$(inherited)",
					"@executable_path/Frameworks",
				);
				MARKETING_VERSION = 1.0;
				PRODUCT_BUNDLE_IDENTIFIER = "aleksandre.Image-Gallery";
				PRODUCT_NAME = "$(TARGET_NAME)";
				SWIFT_EMIT_LOC_STRINGS = YES;
				SWIFT_VERSION = 5.0;
				TARGETED_DEVICE_FAMILY = "1,2";
			};
			name = Debug;
		};
		9F3078262854CA1F00050C85 /* Release */ = {
			isa = XCBuildConfiguration;
			buildSettings = {
				ASSETCATALOG_COMPILER_APPICON_NAME = AppIcon;
				ASSETCATALOG_COMPILER_GLOBAL_ACCENT_COLOR_NAME = AccentColor;
				CODE_SIGN_STYLE = Automatic;
				CURRENT_PROJECT_VERSION = 1;
				GENERATE_INFOPLIST_FILE = YES;
				INFOPLIST_FILE = "Image Gallery/Info.plist";
				INFOPLIST_KEY_UIApplicationSupportsIndirectInputEvents = YES;
				INFOPLIST_KEY_UILaunchStoryboardName = LaunchScreen;
				INFOPLIST_KEY_UIMainStoryboardFile = Main;
				INFOPLIST_KEY_UISupportedInterfaceOrientations_iPad = "UIInterfaceOrientationPortrait UIInterfaceOrientationPortraitUpsideDown UIInterfaceOrientationLandscapeLeft UIInterfaceOrientationLandscapeRight";
				INFOPLIST_KEY_UISupportedInterfaceOrientations_iPhone = "UIInterfaceOrientationPortrait UIInterfaceOrientationLandscapeLeft UIInterfaceOrientationLandscapeRight";
				LD_RUNPATH_SEARCH_PATHS = (
					"$(inherited)",
					"@executable_path/Frameworks",
				);
				MARKETING_VERSION = 1.0;
				PRODUCT_BUNDLE_IDENTIFIER = "aleksandre.Image-Gallery";
				PRODUCT_NAME = "$(TARGET_NAME)";
				SWIFT_EMIT_LOC_STRINGS = YES;
				SWIFT_VERSION = 5.0;
				TARGETED_DEVICE_FAMILY = "1,2";
			};
			name = Release;
		};
/* End XCBuildConfiguration section */

/* Begin XCConfigurationList section */
		9F30780B2854CA1D00050C85 /* Build configuration list for PBXProject "Image Gallery" */ = {
			isa = XCConfigurationList;
			buildConfigurations = (
				9F3078222854CA1F00050C85 /* Debug */,
				9F3078232854CA1F00050C85 /* Release */,
			);
			defaultConfigurationIsVisible = 0;
			defaultConfigurationName = Release;
		};
		9F3078242854CA1F00050C85 /* Build configuration list for PBXNativeTarget "Image Gallery" */ = {
			isa = XCConfigurationList;
			buildConfigurations = (
				9F3078252854CA1F00050C85 /* Debug */,
				9F3078262854CA1F00050C85 /* Release */,
			);
			defaultConfigurationIsVisible = 0;
			defaultConfigurationName = Release;
		};
/* End XCConfigurationList section */
	};
	rootObject = 9F3078082854CA1D00050C85 /* Project object */;
}
